
Microsoft Visual Studio Solution File, Format Version 12.00
# Visual Studio Version 17
VisualStudioVersion = 17.8.34330.188
MinimumVisualStudioVersion = 10.0.40219.1
Project("{2150E333-8FDC-42A3-9474-1A3956D46DE8}") = "src", "src", "{5EB59E59-EFF8-4EFE-B88C-E4156AE81696}"
EndProject
Project("{2150E333-8FDC-42A3-9474-1A3956D46DE8}") = "tests", "tests", "{BD7E14DF-3459-44B2-BFC2-827FA3E43B41}"
EndProject
Project("{9A19103F-16F7-4668-BE54-9A1E7A4F7556}") = "VendingMachine.Domain", "VendingMachine.Domain\VendingMachine.Domain.csproj", "{7FA4F2A0-B6AF-4FFA-A06D-04CB5C9B8600}"
EndProject
Project("{9A19103F-16F7-4668-BE54-9A1E7A4F7556}") = "VendingMachine.Applicaion", "VendingMachine.Applicaion\VendingMachine.Applicaion.csproj", "{D3302BEA-EDC1-42F6-99D4-80631ED26511}"
EndProject
Project("{9A19103F-16F7-4668-BE54-9A1E7A4F7556}") = "VendingMachine.Tests", "VendingMachine.Tests\VendingMachine.Tests.csproj", "{7D9E0154-4A84-449D-A6A8-E485F8B58C29}"
EndProject
Project("{FAE04EC0-301F-11D3-BF4B-00C04F79EFBC}") = "VendingMachine.Infrastructer", "VendingMachine.Infrastructer\VendingMachine.Infrastructer.csproj", "{C2F830D3-9D6E-4562-86BB-F7347051DC52}"
EndProject
Project("{FAE04EC0-301F-11D3-BF4B-00C04F79EFBC}") = "VendingMachine.Api", "VendingMachine.Api\VendingMachine.Api.csproj", "{2A541C2B-3933-4DE0-92D0-FBE7B3F4F99B}"
EndProject
Project("{9A19103F-16F7-4668-BE54-9A1E7A4F7556}") = "VendingMachine.Contract", "VendingMachine.Contract\VendingMachine.Contract.csproj", "{52118359-C576-46B0-AB4C-3838B48109D4}"
EndProject
Global
	GlobalSection(SolutionConfigurationPlatforms) = preSolution
		Debug|Any CPU = Debug|Any CPU
		Release|Any CPU = Release|Any CPU
	EndGlobalSection
	GlobalSection(ProjectConfigurationPlatforms) = postSolution
		{7FA4F2A0-B6AF-4FFA-A06D-04CB5C9B8600}.Debug|Any CPU.ActiveCfg = Debug|Any CPU
		{7FA4F2A0-B6AF-4FFA-A06D-04CB5C9B8600}.Debug|Any CPU.Build.0 = Debug|Any CPU
		{7FA4F2A0-B6AF-4FFA-A06D-04CB5C9B8600}.Release|Any CPU.ActiveCfg = Release|Any CPU
		{7FA4F2A0-B6AF-4FFA-A06D-04CB5C9B8600}.Release|Any CPU.Build.0 = Release|Any CPU
		{D3302BEA-EDC1-42F6-99D4-80631ED26511}.Debug|Any CPU.ActiveCfg = Debug|Any CPU
		{D3302BEA-EDC1-42F6-99D4-80631ED26511}.Debug|Any CPU.Build.0 = Debug|Any CPU
		{D3302BEA-EDC1-42F6-99D4-80631ED26511}.Release|Any CPU.ActiveCfg = Release|Any CPU
		{D3302BEA-EDC1-42F6-99D4-80631ED26511}.Release|Any CPU.Build.0 = Release|Any CPU
		{7D9E0154-4A84-449D-A6A8-E485F8B58C29}.Debug|Any CPU.ActiveCfg = Debug|Any CPU
		{7D9E0154-4A84-449D-A6A8-E485F8B58C29}.Debug|Any CPU.Build.0 = Debug|Any CPU
		{7D9E0154-4A84-449D-A6A8-E485F8B58C29}.Release|Any CPU.ActiveCfg = Release|Any CPU
		{7D9E0154-4A84-449D-A6A8-E485F8B58C29}.Release|Any CPU.Build.0 = Release|Any CPU
		{C2F830D3-9D6E-4562-86BB-F7347051DC52}.Debug|Any CPU.ActiveCfg = Debug|Any CPU
		{C2F830D3-9D6E-4562-86BB-F7347051DC52}.Debug|Any CPU.Build.0 = Debug|Any CPU
		{C2F830D3-9D6E-4562-86BB-F7347051DC52}.Release|Any CPU.ActiveCfg = Release|Any CPU
		{C2F830D3-9D6E-4562-86BB-F7347051DC52}.Release|Any CPU.Build.0 = Release|Any CPU
		{2A541C2B-3933-4DE0-92D0-FBE7B3F4F99B}.Debug|Any CPU.ActiveCfg = Debug|Any CPU
		{2A541C2B-3933-4DE0-92D0-FBE7B3F4F99B}.Debug|Any CPU.Build.0 = Debug|Any CPU
		{2A541C2B-3933-4DE0-92D0-FBE7B3F4F99B}.Release|Any CPU.ActiveCfg = Release|Any CPU
		{2A541C2B-3933-4DE0-92D0-FBE7B3F4F99B}.Release|Any CPU.Build.0 = Release|Any CPU
		{52118359-C576-46B0-AB4C-3838B48109D4}.Debug|Any CPU.ActiveCfg = Debug|Any CPU
		{52118359-C576-46B0-AB4C-3838B48109D4}.Debug|Any CPU.Build.0 = Debug|Any CPU
		{52118359-C576-46B0-AB4C-3838B48109D4}.Release|Any CPU.ActiveCfg = Release|Any CPU
		{52118359-C576-46B0-AB4C-3838B48109D4}.Release|Any CPU.Build.0 = Release|Any CPU
	EndGlobalSection
	GlobalSection(SolutionProperties) = preSolution
		HideSolutionNode = FALSE
	EndGlobalSection
	GlobalSection(NestedProjects) = preSolution
		{7FA4F2A0-B6AF-4FFA-A06D-04CB5C9B8600} = {5EB59E59-EFF8-4EFE-B88C-E4156AE81696}
		{D3302BEA-EDC1-42F6-99D4-80631ED26511} = {5EB59E59-EFF8-4EFE-B88C-E4156AE81696}
		{7D9E0154-4A84-449D-A6A8-E485F8B58C29} = {BD7E14DF-3459-44B2-BFC2-827FA3E43B41}
		{C2F830D3-9D6E-4562-86BB-F7347051DC52} = {5EB59E59-EFF8-4EFE-B88C-E4156AE81696}
		{52118359-C576-46B0-AB4C-3838B48109D4} = {5EB59E59-EFF8-4EFE-B88C-E4156AE81696}
	EndGlobalSection
	GlobalSection(ExtensibilityGlobals) = postSolution
		SolutionGuid = {DD46CB39-CCF7-453B-ACBE-0D0C3FF9848B}
	EndGlobalSection
EndGlobal
