
Microsoft Visual Studio Solution File, Format Version 12.00
# Visual Studio Version 17
VisualStudioVersion = 17.8.34330.188
MinimumVisualStudioVersion = 10.0.40219.1
Project("{2150E333-8FDC-42A3-9474-1A3956D46DE8}") = "src", "src", "{5EB59E59-EFF8-4EFE-B88C-E4156AE81696}"
EndProject
Project("{2150E333-8FDC-42A3-9474-1A3956D46DE8}") = "tests", "tests", "{BD7E14DF-3459-44B2-BFC2-827FA3E43B41}"
EndProject
Project("{FAE04EC0-301F-11D3-BF4B-00C04F79EFBC}") = "VendingMachine.Domain", "VendingMachine.Domain\VendingMachine.Domain.csproj", "{7FA4F2A0-B6AF-4FFA-A06D-04CB5C9B8600}"
EndProject
Project("{FAE04EC0-301F-11D3-BF4B-00C04F79EFBC}") = "VendingMachine.Contract", "VendingMachine.Contract\VendingMachine.Contract.csproj", "{461311E6-8486-483B-955C-2C5DF10C3202}"
EndProject
Global
	GlobalSection(SolutionConfigurationPlatforms) = preSolution
		Debug|Any CPU = Debug|Any CPU
		Release|Any CPU = Release|Any CPU
	EndGlobalSection
	GlobalSection(ProjectConfigurationPlatforms) = postSolution
		{7FA4F2A0-B6AF-4FFA-A06D-04CB5C9B8600}.Debug|Any CPU.ActiveCfg = Debug|Any CPU
		{7FA4F2A0-B6AF-4FFA-A06D-04CB5C9B8600}.Debug|Any CPU.Build.0 = Debug|Any CPU
		{7FA4F2A0-B6AF-4FFA-A06D-04CB5C9B8600}.Release|Any CPU.ActiveCfg = Release|Any CPU
		{7FA4F2A0-B6AF-4FFA-A06D-04CB5C9B8600}.Release|Any CPU.Build.0 = Release|Any CPU
		{461311E6-8486-483B-955C-2C5DF10C3202}.Debug|Any CPU.ActiveCfg = Debug|Any CPU
		{461311E6-8486-483B-955C-2C5DF10C3202}.Debug|Any CPU.Build.0 = Debug|Any CPU
		{461311E6-8486-483B-955C-2C5DF10C3202}.Release|Any CPU.ActiveCfg = Release|Any CPU
		{461311E6-8486-483B-955C-2C5DF10C3202}.Release|Any CPU.Build.0 = Release|Any CPU
	EndGlobalSection
	GlobalSection(SolutionProperties) = preSolution
		HideSolutionNode = FALSE
	EndGlobalSection
	GlobalSection(NestedProjects) = preSolution
		{7FA4F2A0-B6AF-4FFA-A06D-04CB5C9B8600} = {5EB59E59-EFF8-4EFE-B88C-E4156AE81696}
		{461311E6-8486-483B-955C-2C5DF10C3202} = {5EB59E59-EFF8-4EFE-B88C-E4156AE81696}
	EndGlobalSection
	GlobalSection(ExtensibilityGlobals) = postSolution
		SolutionGuid = {DD46CB39-CCF7-453B-ACBE-0D0C3FF9848B}
	EndGlobalSection
EndGlobal
